
Microsoft Visual Studio Solution File, Format Version 12.00
# Visual Studio Version 16
VisualStudioVersion = 16.0.31702.278
MinimumVisualStudioVersion = 10.0.40219.1
Project("{FAE04EC0-301F-11D3-BF4B-00C04F79EFBC}") = "ArrayInstancias", "ArrayInstancias\ArrayInstancias.csproj", "{5050BE01-97BD-4E5E-9549-59AD817C161E}"
EndProject
Global
	GlobalSection(SolutionConfigurationPlatforms) = preSolution
		Debug|Any CPU = Debug|Any CPU
		Release|Any CPU = Release|Any CPU
	EndGlobalSection
	GlobalSection(ProjectConfigurationPlatforms) = postSolution
		{5050BE01-97BD-4E5E-9549-59AD817C161E}.Debug|Any CPU.ActiveCfg = Debug|Any CPU
		{5050BE01-97BD-4E5E-9549-59AD817C161E}.Debug|Any CPU.Build.0 = Debug|Any CPU
		{5050BE01-97BD-4E5E-9549-59AD817C161E}.Release|Any CPU.ActiveCfg = Release|Any CPU
		{5050BE01-97BD-4E5E-9549-59AD817C161E}.Release|Any CPU.Build.0 = Release|Any CPU
	EndGlobalSection
	GlobalSection(SolutionProperties) = preSolution
		HideSolutionNode = FALSE
	EndGlobalSection
	GlobalSection(ExtensibilityGlobals) = postSolution
		SolutionGuid = {7FB2F6F1-1E84-49BA-B9CB-6E7BE9D2B907}
	EndGlobalSection
EndGlobal
